
Microsoft Visual Studio Solution File, Format Version 12.00
# Visual Studio Version 17
VisualStudioVersion = 17.9.34723.18
MinimumVisualStudioVersion = 10.0.40219.1
Project("{888888A0-9F3D-457C-B088-3A5042F75D52}") = "P_TaoListK_Dk_Str_Int_XenKe", "P_TaoListK_Dk_Str_Int_XenKe.pyproj", "{C3B42BF8-828A-4915-B35B-22A7F17971CF}"
EndProject
Global
	GlobalSection(SolutionConfigurationPlatforms) = preSolution
		Debug|Any CPU = Debug|Any CPU
		Release|Any CPU = Release|Any CPU
	EndGlobalSection
	GlobalSection(ProjectConfigurationPlatforms) = postSolution
		{C3B42BF8-828A-4915-B35B-22A7F17971CF}.Debug|Any CPU.ActiveCfg = Debug|Any CPU
		{C3B42BF8-828A-4915-B35B-22A7F17971CF}.Release|Any CPU.ActiveCfg = Release|Any CPU
	EndGlobalSection
	GlobalSection(SolutionProperties) = preSolution
		HideSolutionNode = FALSE
	EndGlobalSection
	GlobalSection(ExtensibilityGlobals) = postSolution
		SolutionGuid = {9D38EDDE-9E29-47B0-AAD0-A7461204E050}
	EndGlobalSection
EndGlobal
